// !$*UTF8*$!
{
	archiveVersion = 1;
	classes = {
	};
	objectVersion = 50;
	objects = {

/* Begin PBXBuildFile section */
		B577C2F726106F8100D066CB /* CarsService.swift in Sources */ = {isa = PBXBuildFile; fileRef = B577C2F626106F8100D066CB /* CarsService.swift */; };
		B577C2FC2610739D00D066CB /* ManufacturersViewController.swift in Sources */ = {isa = PBXBuildFile; fileRef = B577C2FB2610739D00D066CB /* ManufacturersViewController.swift */; };
		B577C300261073B400D066CB /* ManufacturersViewModel.swift in Sources */ = {isa = PBXBuildFile; fileRef = B577C2FF261073B400D066CB /* ManufacturersViewModel.swift */; };
		B577C3052610746300D066CB /* ManufacturerCell.swift in Sources */ = {isa = PBXBuildFile; fileRef = B577C3032610746300D066CB /* ManufacturerCell.swift */; };
		B577C3062610746300D066CB /* ManufacturerCell.xib in Resources */ = {isa = PBXBuildFile; fileRef = B577C3042610746300D066CB /* ManufacturerCell.xib */; };
		B577C3092610748600D066CB /* ManufacturerViewModel.swift in Sources */ = {isa = PBXBuildFile; fileRef = B577C3082610748600D066CB /* ManufacturerViewModel.swift */; };
		B577C30C2610779100D066CB /* RequestContext.swift in Sources */ = {isa = PBXBuildFile; fileRef = B577C30B2610779100D066CB /* RequestContext.swift */; };
		B577C31726107B2700D066CB /* GetManufacturersResponse.swift in Sources */ = {isa = PBXBuildFile; fileRef = B577C31626107B2700D066CB /* GetManufacturersResponse.swift */; };
		B5884A432610832F008FB083 /* APIError.swift in Sources */ = {isa = PBXBuildFile; fileRef = B5884A422610832F008FB083 /* APIError.swift */; };
		B5884A4726108815008FB083 /* ListResponse.swift in Sources */ = {isa = PBXBuildFile; fileRef = B5884A4626108815008FB083 /* ListResponse.swift */; };
		B5884A4C2610D3E0008FB083 /* Localizable.strings in Resources */ = {isa = PBXBuildFile; fileRef = B5884A4B2610D3E0008FB083 /* Localizable.strings */; };
		B5884A502610D6EC008FB083 /* RowType.swift in Sources */ = {isa = PBXBuildFile; fileRef = B5884A4F2610D6EC008FB083 /* RowType.swift */; };
		B5884A5A2610D8A8008FB083 /* Observable.swift in Sources */ = {isa = PBXBuildFile; fileRef = B5884A592610D8A8008FB083 /* Observable.swift */; };
		B5884A652610DAD8008FB083 /* SpinnerCell.swift in Sources */ = {isa = PBXBuildFile; fileRef = B5884A642610DAD8008FB083 /* SpinnerCell.swift */; };
		B5884A682610DEBB008FB083 /* ServiceTask.swift in Sources */ = {isa = PBXBuildFile; fileRef = B5884A672610DEBB008FB083 /* ServiceTask.swift */; };
		B5884A6B261164BC008FB083 /* Model.swift in Sources */ = {isa = PBXBuildFile; fileRef = B5884A6A261164BC008FB083 /* Model.swift */; };
		B5884A6E26116505008FB083 /* GetModelsResponse.swift in Sources */ = {isa = PBXBuildFile; fileRef = B5884A6D26116505008FB083 /* GetModelsResponse.swift */; };
		B5884A72261165F0008FB083 /* ModelsViewController.swift in Sources */ = {isa = PBXBuildFile; fileRef = B5884A71261165F0008FB083 /* ModelsViewController.swift */; };
		B5884A752611666E008FB083 /* ModelsViewModel.swift in Sources */ = {isa = PBXBuildFile; fileRef = B5884A742611666E008FB083 /* ModelsViewModel.swift */; };
		B5884A7A261168AE008FB083 /* ModelCell.swift in Sources */ = {isa = PBXBuildFile; fileRef = B5884A78261168AE008FB083 /* ModelCell.swift */; };
		B5884A7B261168AE008FB083 /* ModelCell.xib in Resources */ = {isa = PBXBuildFile; fileRef = B5884A79261168AE008FB083 /* ModelCell.xib */; };
		B5884A7E261168BB008FB083 /* ModelViewModel.swift in Sources */ = {isa = PBXBuildFile; fileRef = B5884A7D261168BB008FB083 /* ModelViewModel.swift */; };
		B5884A8226117280008FB083 /* CarSummaryViewModel.swift in Sources */ = {isa = PBXBuildFile; fileRef = B5884A8126117280008FB083 /* CarSummaryViewModel.swift */; };
		B597350226104D930083D16A /* AppDelegate.swift in Sources */ = {isa = PBXBuildFile; fileRef = B597350126104D930083D16A /* AppDelegate.swift */; };
		B597350426104D940083D16A /* SceneDelegate.swift in Sources */ = {isa = PBXBuildFile; fileRef = B597350326104D940083D16A /* SceneDelegate.swift */; };
		B597352226104EFB0083D16A /* Assets.xcassets in Resources */ = {isa = PBXBuildFile; fileRef = B597351726104EFA0083D16A /* Assets.xcassets */; };
		B597352326104EFB0083D16A /* LaunchScreen.storyboard in Resources */ = {isa = PBXBuildFile; fileRef = B597351826104EFA0083D16A /* LaunchScreen.storyboard */; };
		B597352426104EFB0083D16A /* Main.storyboard in Resources */ = {isa = PBXBuildFile; fileRef = B597351A26104EFA0083D16A /* Main.storyboard */; };
		B5973531261050E80083D16A /* APIService.swift in Sources */ = {isa = PBXBuildFile; fileRef = B5973530261050E80083D16A /* APIService.swift */; };
		B5973535261059CC0083D16A /* Manufacturer.swift in Sources */ = {isa = PBXBuildFile; fileRef = B5973534261059CC0083D16A /* Manufacturer.swift */; };
/* End PBXBuildFile section */

/* Begin PBXFileReference section */
		B577C2F626106F8100D066CB /* CarsService.swift */ = {isa = PBXFileReference; lastKnownFileType = sourcecode.swift; path = CarsService.swift; sourceTree = "<group>"; };
		B577C2FB2610739D00D066CB /* ManufacturersViewController.swift */ = {isa = PBXFileReference; fileEncoding = 4; lastKnownFileType = sourcecode.swift; path = ManufacturersViewController.swift; sourceTree = "<group>"; };
		B577C2FF261073B400D066CB /* ManufacturersViewModel.swift */ = {isa = PBXFileReference; lastKnownFileType = sourcecode.swift; path = ManufacturersViewModel.swift; sourceTree = "<group>"; };
		B577C3032610746300D066CB /* ManufacturerCell.swift */ = {isa = PBXFileReference; lastKnownFileType = sourcecode.swift; path = ManufacturerCell.swift; sourceTree = "<group>"; };
		B577C3042610746300D066CB /* ManufacturerCell.xib */ = {isa = PBXFileReference; lastKnownFileType = file.xib; path = ManufacturerCell.xib; sourceTree = "<group>"; };
		B577C3082610748600D066CB /* ManufacturerViewModel.swift */ = {isa = PBXFileReference; lastKnownFileType = sourcecode.swift; path = ManufacturerViewModel.swift; sourceTree = "<group>"; };
		B577C30B2610779100D066CB /* RequestContext.swift */ = {isa = PBXFileReference; lastKnownFileType = sourcecode.swift; path = RequestContext.swift; sourceTree = "<group>"; };
		B577C31626107B2700D066CB /* GetManufacturersResponse.swift */ = {isa = PBXFileReference; lastKnownFileType = sourcecode.swift; path = GetManufacturersResponse.swift; sourceTree = "<group>"; };
		B5884A422610832F008FB083 /* APIError.swift */ = {isa = PBXFileReference; lastKnownFileType = sourcecode.swift; path = APIError.swift; sourceTree = "<group>"; };
		B5884A4626108815008FB083 /* ListResponse.swift */ = {isa = PBXFileReference; lastKnownFileType = sourcecode.swift; path = ListResponse.swift; sourceTree = "<group>"; };
		B5884A4B2610D3E0008FB083 /* Localizable.strings */ = {isa = PBXFileReference; lastKnownFileType = text.plist.strings; path = Localizable.strings; sourceTree = "<group>"; };
		B5884A4F2610D6EC008FB083 /* RowType.swift */ = {isa = PBXFileReference; lastKnownFileType = sourcecode.swift; path = RowType.swift; sourceTree = "<group>"; };
		B5884A592610D8A8008FB083 /* Observable.swift */ = {isa = PBXFileReference; lastKnownFileType = sourcecode.swift; path = Observable.swift; sourceTree = "<group>"; };
		B5884A642610DAD8008FB083 /* SpinnerCell.swift */ = {isa = PBXFileReference; lastKnownFileType = sourcecode.swift; path = SpinnerCell.swift; sourceTree = "<group>"; };
		B5884A672610DEBB008FB083 /* ServiceTask.swift */ = {isa = PBXFileReference; lastKnownFileType = sourcecode.swift; path = ServiceTask.swift; sourceTree = "<group>"; };
		B5884A6A261164BC008FB083 /* Model.swift */ = {isa = PBXFileReference; lastKnownFileType = sourcecode.swift; path = Model.swift; sourceTree = "<group>"; };
		B5884A6D26116505008FB083 /* GetModelsResponse.swift */ = {isa = PBXFileReference; lastKnownFileType = sourcecode.swift; path = GetModelsResponse.swift; sourceTree = "<group>"; };
		B5884A71261165F0008FB083 /* ModelsViewController.swift */ = {isa = PBXFileReference; lastKnownFileType = sourcecode.swift; path = ModelsViewController.swift; sourceTree = "<group>"; };
		B5884A742611666E008FB083 /* ModelsViewModel.swift */ = {isa = PBXFileReference; lastKnownFileType = sourcecode.swift; path = ModelsViewModel.swift; sourceTree = "<group>"; };
		B5884A78261168AE008FB083 /* ModelCell.swift */ = {isa = PBXFileReference; lastKnownFileType = sourcecode.swift; path = ModelCell.swift; sourceTree = "<group>"; };
		B5884A79261168AE008FB083 /* ModelCell.xib */ = {isa = PBXFileReference; lastKnownFileType = file.xib; path = ModelCell.xib; sourceTree = "<group>"; };
		B5884A7D261168BB008FB083 /* ModelViewModel.swift */ = {isa = PBXFileReference; lastKnownFileType = sourcecode.swift; path = ModelViewModel.swift; sourceTree = "<group>"; };
		B5884A8126117280008FB083 /* CarSummaryViewModel.swift */ = {isa = PBXFileReference; lastKnownFileType = sourcecode.swift; path = CarSummaryViewModel.swift; sourceTree = "<group>"; };
		B59734FE26104D930083D16A /* Cars.app */ = {isa = PBXFileReference; explicitFileType = wrapper.application; includeInIndex = 0; path = Cars.app; sourceTree = BUILT_PRODUCTS_DIR; };
		B597350126104D930083D16A /* AppDelegate.swift */ = {isa = PBXFileReference; lastKnownFileType = sourcecode.swift; path = AppDelegate.swift; sourceTree = "<group>"; };
		B597350326104D940083D16A /* SceneDelegate.swift */ = {isa = PBXFileReference; lastKnownFileType = sourcecode.swift; path = SceneDelegate.swift; sourceTree = "<group>"; };
		B597351726104EFA0083D16A /* Assets.xcassets */ = {isa = PBXFileReference; lastKnownFileType = folder.assetcatalog; path = Assets.xcassets; sourceTree = "<group>"; };
		B597351926104EFA0083D16A /* Base */ = {isa = PBXFileReference; lastKnownFileType = file.storyboard; name = Base; path = Base.lproj/LaunchScreen.storyboard; sourceTree = "<group>"; };
		B597351B26104EFA0083D16A /* Base */ = {isa = PBXFileReference; lastKnownFileType = file.storyboard; name = Base; path = Base.lproj/Main.storyboard; sourceTree = "<group>"; };
		B597351C26104EFA0083D16A /* Info.plist */ = {isa = PBXFileReference; fileEncoding = 4; lastKnownFileType = text.plist.xml; path = Info.plist; sourceTree = "<group>"; };
		B5973530261050E80083D16A /* APIService.swift */ = {isa = PBXFileReference; lastKnownFileType = sourcecode.swift; path = APIService.swift; sourceTree = "<group>"; };
		B5973534261059CC0083D16A /* Manufacturer.swift */ = {isa = PBXFileReference; lastKnownFileType = sourcecode.swift; path = Manufacturer.swift; sourceTree = "<group>"; };
/* End PBXFileReference section */

/* Begin PBXFrameworksBuildPhase section */
		B59734FB26104D930083D16A /* Frameworks */ = {
			isa = PBXFrameworksBuildPhase;
			buildActionMask = 2147483647;
			files = (
			);
			runOnlyForDeploymentPostprocessing = 0;
		};
/* End PBXFrameworksBuildPhase section */

/* Begin PBXGroup section */
		B577C2F426106F7000D066CB /* APIService */ = {
			isa = PBXGroup;
			children = (
				B5884A422610832F008FB083 /* APIError.swift */,
				B5973530261050E80083D16A /* APIService.swift */,
				B577C30B2610779100D066CB /* RequestContext.swift */,
			);
			path = APIService;
			sourceTree = "<group>";
		};
		B577C2F526106F7000D066CB /* CarsService */ = {
			isa = PBXGroup;
			children = (
				B577C31526107B1B00D066CB /* Responses */,
				B577C2F626106F8100D066CB /* CarsService.swift */,
			);
			path = CarsService;
			sourceTree = "<group>";
		};
		B577C2FA2610739D00D066CB /* Manufacturers */ = {
			isa = PBXGroup;
			children = (
				B577C3022610744400D066CB /* Cells */,
				B577C2FB2610739D00D066CB /* ManufacturersViewController.swift */,
				B577C2FF261073B400D066CB /* ManufacturersViewModel.swift */,
			);
			path = Manufacturers;
			sourceTree = "<group>";
		};
		B577C3022610744400D066CB /* Cells */ = {
			isa = PBXGroup;
			children = (
				B577C3032610746300D066CB /* ManufacturerCell.swift */,
				B577C3042610746300D066CB /* ManufacturerCell.xib */,
				B577C3082610748600D066CB /* ManufacturerViewModel.swift */,
			);
			path = Cells;
			sourceTree = "<group>";
		};
		B577C31526107B1B00D066CB /* Responses */ = {
			isa = PBXGroup;
			children = (
				B5884A4626108815008FB083 /* ListResponse.swift */,
				B577C31626107B2700D066CB /* GetManufacturersResponse.swift */,
				B5884A6D26116505008FB083 /* GetModelsResponse.swift */,
			);
			path = Responses;
			sourceTree = "<group>";
		};
		B5884A5C2610DA98008FB083 /* ReusableViews */ = {
			isa = PBXGroup;
			children = (
				B5884A642610DAD8008FB083 /* SpinnerCell.swift */,
			);
			path = ReusableViews;
			sourceTree = "<group>";
		};
		B5884A70261165DD008FB083 /* Models */ = {
			isa = PBXGroup;
			children = (
				B5884A7726116891008FB083 /* Cells */,
				B5884A71261165F0008FB083 /* ModelsViewController.swift */,
				B5884A742611666E008FB083 /* ModelsViewModel.swift */,
			);
			path = Models;
			sourceTree = "<group>";
		};
		B5884A7726116891008FB083 /* Cells */ = {
			isa = PBXGroup;
			children = (
				B5884A78261168AE008FB083 /* ModelCell.swift */,
				B5884A79261168AE008FB083 /* ModelCell.xib */,
				B5884A7D261168BB008FB083 /* ModelViewModel.swift */,
			);
			path = Cells;
			sourceTree = "<group>";
		};
		B5884A8026117276008FB083 /* CarSummary */ = {
			isa = PBXGroup;
			children = (
				B5884A8126117280008FB083 /* CarSummaryViewModel.swift */,
			);
			path = CarSummary;
			sourceTree = "<group>";
		};
		B59734F526104D930083D16A = {
			isa = PBXGroup;
			children = (
				B597350026104D930083D16A /* Cars */,
				B59734FF26104D930083D16A /* Products */,
			);
			sourceTree = "<group>";
		};
		B59734FF26104D930083D16A /* Products */ = {
			isa = PBXGroup;
			children = (
				B59734FE26104D930083D16A /* Cars.app */,
			);
			name = Products;
			sourceTree = "<group>";
		};
		B597350026104D930083D16A /* Cars */ = {
			isa = PBXGroup;
			children = (
				B597350126104D930083D16A /* AppDelegate.swift */,
				B597350326104D940083D16A /* SceneDelegate.swift */,
				B597351E26104EFA0083D16A /* Models */,
				B597351626104EFA0083D16A /* Resources */,
				B597351D26104EFA0083D16A /* Services */,
				B597351F26104EFA0083D16A /* Utils */,
				B597352026104EFA0083D16A /* ViewControllers */,
			);
			path = Cars;
			sourceTree = "<group>";
		};
		B597351626104EFA0083D16A /* Resources */ = {
			isa = PBXGroup;
			children = (
				B597351726104EFA0083D16A /* Assets.xcassets */,
				B597351826104EFA0083D16A /* LaunchScreen.storyboard */,
				B597351C26104EFA0083D16A /* Info.plist */,
				B5884A4B2610D3E0008FB083 /* Localizable.strings */,
			);
			path = Resources;
			sourceTree = "<group>";
		};
		B597351D26104EFA0083D16A /* Services */ = {
			isa = PBXGroup;
			children = (
				B577C2F426106F7000D066CB /* APIService */,
				B577C2F526106F7000D066CB /* CarsService */,
			);
			path = Services;
			sourceTree = "<group>";
		};
		B597351E26104EFA0083D16A /* Models */ = {
			isa = PBXGroup;
			children = (
				B5973534261059CC0083D16A /* Manufacturer.swift */,
				B5884A6A261164BC008FB083 /* Model.swift */,
			);
			path = Models;
			sourceTree = "<group>";
		};
		B597351F26104EFA0083D16A /* Utils */ = {
			isa = PBXGroup;
			children = (
				B5884A5C2610DA98008FB083 /* ReusableViews */,
				B5884A4F2610D6EC008FB083 /* RowType.swift */,
				B5884A592610D8A8008FB083 /* Observable.swift */,
				B5884A672610DEBB008FB083 /* ServiceTask.swift */,
			);
			path = Utils;
			sourceTree = "<group>";
		};
		B597352026104EFA0083D16A /* ViewControllers */ = {
			isa = PBXGroup;
			children = (
				B5884A8026117276008FB083 /* CarSummary */,
				B577C2FA2610739D00D066CB /* Manufacturers */,
				B5884A70261165DD008FB083 /* Models */,
				B597351A26104EFA0083D16A /* Main.storyboard */,
			);
			path = ViewControllers;
			sourceTree = "<group>";
		};
/* End PBXGroup section */

/* Begin PBXNativeTarget section */
		B59734FD26104D930083D16A /* Cars */ = {
			isa = PBXNativeTarget;
			buildConfigurationList = B597351226104D950083D16A /* Build configuration list for PBXNativeTarget "Cars" */;
			buildPhases = (
				B59734FA26104D930083D16A /* Sources */,
				B59734FB26104D930083D16A /* Frameworks */,
				B59734FC26104D930083D16A /* Resources */,
			);
			buildRules = (
			);
			dependencies = (
			);
			name = Cars;
			productName = Cars;
			productReference = B59734FE26104D930083D16A /* Cars.app */;
			productType = "com.apple.product-type.application";
		};
/* End PBXNativeTarget section */

/* Begin PBXProject section */
		B59734F626104D930083D16A /* Project object */ = {
			isa = PBXProject;
			attributes = {
				LastSwiftUpdateCheck = 1210;
				LastUpgradeCheck = 1210;
				TargetAttributes = {
					B59734FD26104D930083D16A = {
						CreatedOnToolsVersion = 12.1;
					};
				};
			};
			buildConfigurationList = B59734F926104D930083D16A /* Build configuration list for PBXProject "Cars" */;
			compatibilityVersion = "Xcode 9.3";
			developmentRegion = en;
			hasScannedForEncodings = 0;
			knownRegions = (
				en,
				Base,
			);
			mainGroup = B59734F526104D930083D16A;
			productRefGroup = B59734FF26104D930083D16A /* Products */;
			projectDirPath = "";
			projectRoot = "";
			targets = (
				B59734FD26104D930083D16A /* Cars */,
			);
		};
/* End PBXProject section */

/* Begin PBXResourcesBuildPhase section */
		B59734FC26104D930083D16A /* Resources */ = {
			isa = PBXResourcesBuildPhase;
			buildActionMask = 2147483647;
			files = (
				B5884A4C2610D3E0008FB083 /* Localizable.strings in Resources */,
				B597352226104EFB0083D16A /* Assets.xcassets in Resources */,
				B597352426104EFB0083D16A /* Main.storyboard in Resources */,
				B5884A7B261168AE008FB083 /* ModelCell.xib in Resources */,
				B577C3062610746300D066CB /* ManufacturerCell.xib in Resources */,
				B597352326104EFB0083D16A /* LaunchScreen.storyboard in Resources */,
			);
			runOnlyForDeploymentPostprocessing = 0;
		};
/* End PBXResourcesBuildPhase section */

/* Begin PBXSourcesBuildPhase section */
		B59734FA26104D930083D16A /* Sources */ = {
			isa = PBXSourcesBuildPhase;
			buildActionMask = 2147483647;
			files = (
				B597350226104D930083D16A /* AppDelegate.swift in Sources */,
				B5884A5A2610D8A8008FB083 /* Observable.swift in Sources */,
				B5973535261059CC0083D16A /* Manufacturer.swift in Sources */,
				B5884A7E261168BB008FB083 /* ModelViewModel.swift in Sources */,
				B5884A7A261168AE008FB083 /* ModelCell.swift in Sources */,
				B5884A682610DEBB008FB083 /* ServiceTask.swift in Sources */,
				B5884A752611666E008FB083 /* ModelsViewModel.swift in Sources */,
				B5973531261050E80083D16A /* APIService.swift in Sources */,
				B577C30C2610779100D066CB /* RequestContext.swift in Sources */,
				B5884A502610D6EC008FB083 /* RowType.swift in Sources */,
				B577C2FC2610739D00D066CB /* ManufacturersViewController.swift in Sources */,
				B5884A432610832F008FB083 /* APIError.swift in Sources */,
				B5884A8226117280008FB083 /* CarSummaryViewModel.swift in Sources */,
				B5884A6B261164BC008FB083 /* Model.swift in Sources */,
				B577C2F726106F8100D066CB /* CarsService.swift in Sources */,
				B577C31726107B2700D066CB /* GetManufacturersResponse.swift in Sources */,
				B5884A72261165F0008FB083 /* ModelsViewController.swift in Sources */,
				B577C3092610748600D066CB /* ManufacturerViewModel.swift in Sources */,
				B5884A652610DAD8008FB083 /* SpinnerCell.swift in Sources */,
				B577C300261073B400D066CB /* ManufacturersViewModel.swift in Sources */,
				B5884A4726108815008FB083 /* ListResponse.swift in Sources */,
				B5884A6E26116505008FB083 /* GetModelsResponse.swift in Sources */,
				B577C3052610746300D066CB /* ManufacturerCell.swift in Sources */,
				B597350426104D940083D16A /* SceneDelegate.swift in Sources */,
			);
			runOnlyForDeploymentPostprocessing = 0;
		};
/* End PBXSourcesBuildPhase section */

/* Begin PBXVariantGroup section */
		B597351826104EFA0083D16A /* LaunchScreen.storyboard */ = {
			isa = PBXVariantGroup;
			children = (
				B597351926104EFA0083D16A /* Base */,
			);
			name = LaunchScreen.storyboard;
			sourceTree = "<group>";
		};
		B597351A26104EFA0083D16A /* Main.storyboard */ = {
			isa = PBXVariantGroup;
			children = (
				B597351B26104EFA0083D16A /* Base */,
			);
			name = Main.storyboard;
			sourceTree = "<group>";
		};
/* End PBXVariantGroup section */

/* Begin XCBuildConfiguration section */
		B597351026104D950083D16A /* Debug */ = {
			isa = XCBuildConfiguration;
			buildSettings = {
				ALWAYS_SEARCH_USER_PATHS = NO;
				CLANG_ANALYZER_NONNULL = YES;
				CLANG_ANALYZER_NUMBER_OBJECT_CONVERSION = YES_AGGRESSIVE;
				CLANG_CXX_LANGUAGE_STANDARD = "gnu++14";
				CLANG_CXX_LIBRARY = "libc++";
				CLANG_ENABLE_MODULES = YES;
				CLANG_ENABLE_OBJC_ARC = YES;
				CLANG_ENABLE_OBJC_WEAK = YES;
				CLANG_WARN_BLOCK_CAPTURE_AUTORELEASING = YES;
				CLANG_WARN_BOOL_CONVERSION = YES;
				CLANG_WARN_COMMA = YES;
				CLANG_WARN_CONSTANT_CONVERSION = YES;
				CLANG_WARN_DEPRECATED_OBJC_IMPLEMENTATIONS = YES;
				CLANG_WARN_DIRECT_OBJC_ISA_USAGE = YES_ERROR;
				CLANG_WARN_DOCUMENTATION_COMMENTS = YES;
				CLANG_WARN_EMPTY_BODY = YES;
				CLANG_WARN_ENUM_CONVERSION = YES;
				CLANG_WARN_INFINITE_RECURSION = YES;
				CLANG_WARN_INT_CONVERSION = YES;
				CLANG_WARN_NON_LITERAL_NULL_CONVERSION = YES;
				CLANG_WARN_OBJC_IMPLICIT_RETAIN_SELF = YES;
				CLANG_WARN_OBJC_LITERAL_CONVERSION = YES;
				CLANG_WARN_OBJC_ROOT_CLASS = YES_ERROR;
				CLANG_WARN_QUOTED_INCLUDE_IN_FRAMEWORK_HEADER = YES;
				CLANG_WARN_RANGE_LOOP_ANALYSIS = YES;
				CLANG_WARN_STRICT_PROTOTYPES = YES;
				CLANG_WARN_SUSPICIOUS_MOVE = YES;
				CLANG_WARN_UNGUARDED_AVAILABILITY = YES_AGGRESSIVE;
				CLANG_WARN_UNREACHABLE_CODE = YES;
				CLANG_WARN__DUPLICATE_METHOD_MATCH = YES;
				COPY_PHASE_STRIP = NO;
				DEBUG_INFORMATION_FORMAT = dwarf;
				ENABLE_STRICT_OBJC_MSGSEND = YES;
				ENABLE_TESTABILITY = YES;
				GCC_C_LANGUAGE_STANDARD = gnu11;
				GCC_DYNAMIC_NO_PIC = NO;
				GCC_NO_COMMON_BLOCKS = YES;
				GCC_OPTIMIZATION_LEVEL = 0;
				GCC_PREPROCESSOR_DEFINITIONS = (
					"DEBUG=1",
					"$(inherited)",
				);
				GCC_WARN_64_TO_32_BIT_CONVERSION = YES;
				GCC_WARN_ABOUT_RETURN_TYPE = YES_ERROR;
				GCC_WARN_UNDECLARED_SELECTOR = YES;
				GCC_WARN_UNINITIALIZED_AUTOS = YES_AGGRESSIVE;
				GCC_WARN_UNUSED_FUNCTION = YES;
				GCC_WARN_UNUSED_VARIABLE = YES;
				IPHONEOS_DEPLOYMENT_TARGET = 14.1;
				MTL_ENABLE_DEBUG_INFO = INCLUDE_SOURCE;
				MTL_FAST_MATH = YES;
				ONLY_ACTIVE_ARCH = YES;
				SDKROOT = iphoneos;
				SWIFT_ACTIVE_COMPILATION_CONDITIONS = DEBUG;
				SWIFT_OPTIMIZATION_LEVEL = "-Onone";
			};
			name = Debug;
		};
		B597351126104D950083D16A /* Release */ = {
			isa = XCBuildConfiguration;
			buildSettings = {
				ALWAYS_SEARCH_USER_PATHS = NO;
				CLANG_ANALYZER_NONNULL = YES;
				CLANG_ANALYZER_NUMBER_OBJECT_CONVERSION = YES_AGGRESSIVE;
				CLANG_CXX_LANGUAGE_STANDARD = "gnu++14";
				CLANG_CXX_LIBRARY = "libc++";
				CLANG_ENABLE_MODULES = YES;
				CLANG_ENABLE_OBJC_ARC = YES;
				CLANG_ENABLE_OBJC_WEAK = YES;
				CLANG_WARN_BLOCK_CAPTURE_AUTORELEASING = YES;
				CLANG_WARN_BOOL_CONVERSION = YES;
				CLANG_WARN_COMMA = YES;
				CLANG_WARN_CONSTANT_CONVERSION = YES;
				CLANG_WARN_DEPRECATED_OBJC_IMPLEMENTATIONS = YES;
				CLANG_WARN_DIRECT_OBJC_ISA_USAGE = YES_ERROR;
				CLANG_WARN_DOCUMENTATION_COMMENTS = YES;
				CLANG_WARN_EMPTY_BODY = YES;
				CLANG_WARN_ENUM_CONVERSION = YES;
				CLANG_WARN_INFINITE_RECURSION = YES;
				CLANG_WARN_INT_CONVERSION = YES;
				CLANG_WARN_NON_LITERAL_NULL_CONVERSION = YES;
				CLANG_WARN_OBJC_IMPLICIT_RETAIN_SELF = YES;
				CLANG_WARN_OBJC_LITERAL_CONVERSION = YES;
				CLANG_WARN_OBJC_ROOT_CLASS = YES_ERROR;
				CLANG_WARN_QUOTED_INCLUDE_IN_FRAMEWORK_HEADER = YES;
				CLANG_WARN_RANGE_LOOP_ANALYSIS = YES;
				CLANG_WARN_STRICT_PROTOTYPES = YES;
				CLANG_WARN_SUSPICIOUS_MOVE = YES;
				CLANG_WARN_UNGUARDED_AVAILABILITY = YES_AGGRESSIVE;
				CLANG_WARN_UNREACHABLE_CODE = YES;
				CLANG_WARN__DUPLICATE_METHOD_MATCH = YES;
				COPY_PHASE_STRIP = NO;
				DEBUG_INFORMATION_FORMAT = "dwarf-with-dsym";
				ENABLE_NS_ASSERTIONS = NO;
				ENABLE_STRICT_OBJC_MSGSEND = YES;
				GCC_C_LANGUAGE_STANDARD = gnu11;
				GCC_NO_COMMON_BLOCKS = YES;
				GCC_WARN_64_TO_32_BIT_CONVERSION = YES;
				GCC_WARN_ABOUT_RETURN_TYPE = YES_ERROR;
				GCC_WARN_UNDECLARED_SELECTOR = YES;
				GCC_WARN_UNINITIALIZED_AUTOS = YES_AGGRESSIVE;
				GCC_WARN_UNUSED_FUNCTION = YES;
				GCC_WARN_UNUSED_VARIABLE = YES;
				IPHONEOS_DEPLOYMENT_TARGET = 14.1;
				MTL_ENABLE_DEBUG_INFO = NO;
				MTL_FAST_MATH = YES;
				SDKROOT = iphoneos;
				SWIFT_COMPILATION_MODE = wholemodule;
				SWIFT_OPTIMIZATION_LEVEL = "-O";
				VALIDATE_PRODUCT = YES;
			};
			name = Release;
		};
		B597351326104D950083D16A /* Debug */ = {
			isa = XCBuildConfiguration;
			buildSettings = {
				ASSETCATALOG_COMPILER_APPICON_NAME = AppIcon;
				ASSETCATALOG_COMPILER_GLOBAL_ACCENT_COLOR_NAME = AccentColor;
				CODE_SIGN_STYLE = Automatic;
				DEVELOPMENT_TEAM = J6YWDC4CVP;
				INFOPLIST_FILE = Cars/Resources/Info.plist;
				LD_RUNPATH_SEARCH_PATHS = (
					"$(inherited)",
					"@executable_path/Frameworks",
				);
				PRODUCT_BUNDLE_IDENTIFIER = plhs.kostya.Cars;
				PRODUCT_NAME = "$(TARGET_NAME)";
				SWIFT_VERSION = 5.0;
				TARGETED_DEVICE_FAMILY = "1,2";
			};
			name = Debug;
		};
		B597351426104D950083D16A /* Release */ = {
			isa = XCBuildConfiguration;
			buildSettings = {
				ASSETCATALOG_COMPILER_APPICON_NAME = AppIcon;
				ASSETCATALOG_COMPILER_GLOBAL_ACCENT_COLOR_NAME = AccentColor;
				CODE_SIGN_STYLE = Automatic;
				DEVELOPMENT_TEAM = J6YWDC4CVP;
				INFOPLIST_FILE = Cars/Resources/Info.plist;
				LD_RUNPATH_SEARCH_PATHS = (
					"$(inherited)",
					"@executable_path/Frameworks",
				);
				PRODUCT_BUNDLE_IDENTIFIER = plhs.kostya.Cars;
				PRODUCT_NAME = "$(TARGET_NAME)";
				SWIFT_VERSION = 5.0;
				TARGETED_DEVICE_FAMILY = "1,2";
			};
			name = Release;
		};
/* End XCBuildConfiguration section */

/* Begin XCConfigurationList section */
		B59734F926104D930083D16A /* Build configuration list for PBXProject "Cars" */ = {
			isa = XCConfigurationList;
			buildConfigurations = (
				B597351026104D950083D16A /* Debug */,
				B597351126104D950083D16A /* Release */,
			);
			defaultConfigurationIsVisible = 0;
			defaultConfigurationName = Release;
		};
		B597351226104D950083D16A /* Build configuration list for PBXNativeTarget "Cars" */ = {
			isa = XCConfigurationList;
			buildConfigurations = (
				B597351326104D950083D16A /* Debug */,
				B597351426104D950083D16A /* Release */,
			);
			defaultConfigurationIsVisible = 0;
			defaultConfigurationName = Release;
		};
/* End XCConfigurationList section */
	};
	rootObject = B59734F626104D930083D16A /* Project object */;
}
